// !$*UTF8*$!
{
	archiveVersion = 1;
	classes = {
	};
	objectVersion = 48;
	objects = {

/* Begin PBXBuildFile section */
		7907CEDE1FE6424800A617E1 /* Utils.swift in Sources */ = {isa = PBXBuildFile; fileRef = 7907CEDD1FE6424800A617E1 /* Utils.swift */; };
		7907CEE31FE6628A00A617E1 /* RightSlideFilterViewController.swift in Sources */ = {isa = PBXBuildFile; fileRef = 7907CEE11FE6628A00A617E1 /* RightSlideFilterViewController.swift */; };
		7907CEE41FE6628A00A617E1 /* RightSlideFilterViewController.xib in Resources */ = {isa = PBXBuildFile; fileRef = 7907CEE21FE6628A00A617E1 /* RightSlideFilterViewController.xib */; };
		790DC2B91FE8F66B00A04AFA /* LocationHelper.swift in Sources */ = {isa = PBXBuildFile; fileRef = 790DC2B81FE8F66B00A04AFA /* LocationHelper.swift */; };
		790DC2C01FEA3A2100A04AFA /* Localizable.strings in Resources */ = {isa = PBXBuildFile; fileRef = 790DC2C21FEA3A2100A04AFA /* Localizable.strings */; };
		790DC2C61FEA489B00A04AFA /* HotItemRightSlideTableViewMainDataSourceAndDelegate.swift in Sources */ = {isa = PBXBuildFile; fileRef = 790DC2C51FEA489B00A04AFA /* HotItemRightSlideTableViewMainDataSourceAndDelegate.swift */; };
		790DC2C81FEA48EC00A04AFA /* HotItemRightSlideTableViewDataSourceAndDelegate.swift in Sources */ = {isa = PBXBuildFile; fileRef = 790DC2C71FEA48EC00A04AFA /* HotItemRightSlideTableViewDataSourceAndDelegate.swift */; };
		792127211FE1EC11006C5F42 /* BannerItem.swift in Sources */ = {isa = PBXBuildFile; fileRef = 792127201FE1EC11006C5F42 /* BannerItem.swift */; };
		792127231FE1F0E2006C5F42 /* HotItem.swift in Sources */ = {isa = PBXBuildFile; fileRef = 792127221FE1F0E2006C5F42 /* HotItem.swift */; };
		792127251FE1F742006C5F42 /* HotItemManager.swift in Sources */ = {isa = PBXBuildFile; fileRef = 792127241FE1F742006C5F42 /* HotItemManager.swift */; };
		79279D761FEC9FBC00C7C084 /* ShoppingCartCheckoutCell.swift in Sources */ = {isa = PBXBuildFile; fileRef = 79279D751FEC9FBC00C7C084 /* ShoppingCartCheckoutCell.swift */; };
		792E9D511FEB2494004D5045 /* HotItemRightSlideTableViewHeaderView.swift in Sources */ = {isa = PBXBuildFile; fileRef = 792E9D501FEB2494004D5045 /* HotItemRightSlideTableViewHeaderView.swift */; };
		792E9D531FEB24B1004D5045 /* HotItemRightSlideTableViewHeaderView.xib in Resources */ = {isa = PBXBuildFile; fileRef = 792E9D521FEB24B1004D5045 /* HotItemRightSlideTableViewHeaderView.xib */; };
		792EC6021FE45E2600B4C563 /* HotItemCategoryHeaderView.swift in Sources */ = {isa = PBXBuildFile; fileRef = 792EC6001FE45E2600B4C563 /* HotItemCategoryHeaderView.swift */; };
		792EC6031FE45E2600B4C563 /* HotItemCategoryHeaderView.xib in Resources */ = {isa = PBXBuildFile; fileRef = 792EC6011FE45E2600B4C563 /* HotItemCategoryHeaderView.xib */; };
		792EC6051FE45F3C00B4C563 /* HotItemCategory.swift in Sources */ = {isa = PBXBuildFile; fileRef = 792EC6041FE45F3C00B4C563 /* HotItemCategory.swift */; };
		792EC6071FE4810400B4C563 /* HotItemLoader.swift in Sources */ = {isa = PBXBuildFile; fileRef = 792EC6061FE4810400B4C563 /* HotItemLoader.swift */; };
		792EC60A1FE486CD00B4C563 /* UtilityButtonsHeaderView.swift in Sources */ = {isa = PBXBuildFile; fileRef = 792EC6081FE486CD00B4C563 /* UtilityButtonsHeaderView.swift */; };
		792EC60B1FE486CD00B4C563 /* UtilityButtonsHeaderView.xib in Resources */ = {isa = PBXBuildFile; fileRef = 792EC6091FE486CD00B4C563 /* UtilityButtonsHeaderView.xib */; };
		792EC6111FE4912C00B4C563 /* GridProductCell.swift in Sources */ = {isa = PBXBuildFile; fileRef = 792EC60F1FE4912C00B4C563 /* GridProductCell.swift */; };
		792EC6121FE4912C00B4C563 /* GridProductCell.xib in Resources */ = {isa = PBXBuildFile; fileRef = 792EC6101FE4912C00B4C563 /* GridProductCell.xib */; };
		792EC6151FE4ACA000B4C563 /* CollectionLoadingFooterView.swift in Sources */ = {isa = PBXBuildFile; fileRef = 792EC6131FE4ACA000B4C563 /* CollectionLoadingFooterView.swift */; };
		792EC6161FE4ACA000B4C563 /* CollectionLoadingFooterView.xib in Resources */ = {isa = PBXBuildFile; fileRef = 792EC6141FE4ACA000B4C563 /* CollectionLoadingFooterView.xib */; };
		792F96551FE2EB6D00A67ADC /* ApiManager.swift in Sources */ = {isa = PBXBuildFile; fileRef = 792F96541FE2EB6D00A67ADC /* ApiManager.swift */; };
		792F96571FE3015A00A67ADC /* OauthKeyPair.swift in Sources */ = {isa = PBXBuildFile; fileRef = 792F96561FE3015A00A67ADC /* OauthKeyPair.swift */; };
		792F96591FE3019E00A67ADC /* Enums.swift in Sources */ = {isa = PBXBuildFile; fileRef = 792F96581FE3019E00A67ADC /* Enums.swift */; };
		792F965B1FE3022C00A67ADC /* BannerItemLoader.swift in Sources */ = {isa = PBXBuildFile; fileRef = 792F965A1FE3022C00A67ADC /* BannerItemLoader.swift */; };
		792F965D1FE302F200A67ADC /* LanguageControl.swift in Sources */ = {isa = PBXBuildFile; fileRef = 792F965C1FE302F200A67ADC /* LanguageControl.swift */; };
		792F965F1FE303E700A67ADC /* Language.swift in Sources */ = {isa = PBXBuildFile; fileRef = 792F965E1FE303E700A67ADC /* Language.swift */; };
		792F96611FE320D200A67ADC /* UrlHelper.swift in Sources */ = {isa = PBXBuildFile; fileRef = 792F96601FE320D200A67ADC /* UrlHelper.swift */; };
		792F96631FE3310100A67ADC /* BannerItemCell.swift in Sources */ = {isa = PBXBuildFile; fileRef = 792F96621FE3310100A67ADC /* BannerItemCell.swift */; };
		792F96651FE33FB500A67ADC /* ImageHelper.swift in Sources */ = {isa = PBXBuildFile; fileRef = 792F96641FE33FB500A67ADC /* ImageHelper.swift */; };
		792F96671FE3403F00A67ADC /* CloudinaryHelper.swift in Sources */ = {isa = PBXBuildFile; fileRef = 792F96661FE3403F00A67ADC /* CloudinaryHelper.swift */; };
		794380271FE0A2ED00F6594D /* IconLabelButtonView.xib in Resources */ = {isa = PBXBuildFile; fileRef = 794380261FE0A2ED00F6594D /* IconLabelButtonView.xib */; };
		794380291FE0A31800F6594D /* IconLabelButtonView.swift in Sources */ = {isa = PBXBuildFile; fileRef = 794380281FE0A31800F6594D /* IconLabelButtonView.swift */; };
		7943802B1FE0B15200F6594D /* RootNavigationController.swift in Sources */ = {isa = PBXBuildFile; fileRef = 7943802A1FE0B15200F6594D /* RootNavigationController.swift */; };
		7943802D1FE0B36100F6594D /* RootTabBarController.swift in Sources */ = {isa = PBXBuildFile; fileRef = 7943802C1FE0B36100F6594D /* RootTabBarController.swift */; };
		794599F61FE9AA2400419612 /* ShoppingCartViewController.swift in Sources */ = {isa = PBXBuildFile; fileRef = 794599F51FE9AA2400419612 /* ShoppingCartViewController.swift */; };
		794C55361FEC687100A2C0BD /* AccountSegmentCell.swift in Sources */ = {isa = PBXBuildFile; fileRef = 794C55351FEC687100A2C0BD /* AccountSegmentCell.swift */; };
		794C55381FEC781200A2C0BD /* UIButtonExtension.swift in Sources */ = {isa = PBXBuildFile; fileRef = 794C55371FEC781200A2C0BD /* UIButtonExtension.swift */; };
		795313071FE1F7E400B940F8 /* HotItemFilterManager.swift in Sources */ = {isa = PBXBuildFile; fileRef = 795313061FE1F7E400B940F8 /* HotItemFilterManager.swift */; };
		795313091FE1F8AC00B940F8 /* BaseApiResponse.swift in Sources */ = {isa = PBXBuildFile; fileRef = 795313081FE1F8AC00B940F8 /* BaseApiResponse.swift */; };
		7953130B1FE1F8C000B940F8 /* ListApiResponse.swift in Sources */ = {isa = PBXBuildFile; fileRef = 7953130A1FE1F8C000B940F8 /* ListApiResponse.swift */; };
		7953130D1FE1F97000B940F8 /* ApiResponse.swift in Sources */ = {isa = PBXBuildFile; fileRef = 7953130C1FE1F97000B940F8 /* ApiResponse.swift */; };
		7961D21A1FE79E9000C739C1 /* ListProductCell.swift in Sources */ = {isa = PBXBuildFile; fileRef = 7961D2181FE79E9000C739C1 /* ListProductCell.swift */; };
		7961D21B1FE79E9000C739C1 /* ListProductCell.xib in Resources */ = {isa = PBXBuildFile; fileRef = 7961D2191FE79E9000C739C1 /* ListProductCell.xib */; };
		79734B8F1FEC87B000994883 /* CountryList.json in Resources */ = {isa = PBXBuildFile; fileRef = 79734B8E1FEC87AF00994883 /* CountryList.json */; };
		798A35CD1FEB89C000A34616 /* FilterPriceRangeCell.swift in Sources */ = {isa = PBXBuildFile; fileRef = 798A35CB1FEB89C000A34616 /* FilterPriceRangeCell.swift */; };
		798A35CE1FEB89C000A34616 /* FilterPriceRangeCell.xib in Resources */ = {isa = PBXBuildFile; fileRef = 798A35CC1FEB89C000A34616 /* FilterPriceRangeCell.xib */; };
		79ADC83F1FE1B11F0022B513 /* OrderViewController.swift in Sources */ = {isa = PBXBuildFile; fileRef = 79ADC83E1FE1B11F0022B513 /* OrderViewController.swift */; };
		79ADC8411FE1B2A10022B513 /* AccountViewController.swift in Sources */ = {isa = PBXBuildFile; fileRef = 79ADC8401FE1B2A10022B513 /* AccountViewController.swift */; };
		79BC08D31FE090C100D53620 /* AppDelegate.swift in Sources */ = {isa = PBXBuildFile; fileRef = 79BC08D21FE090C100D53620 /* AppDelegate.swift */; };
		79BC08D51FE090C100D53620 /* HomeViewController.swift in Sources */ = {isa = PBXBuildFile; fileRef = 79BC08D41FE090C100D53620 /* HomeViewController.swift */; };
		79BC08D81FE090C100D53620 /* Main.storyboard in Resources */ = {isa = PBXBuildFile; fileRef = 79BC08D61FE090C100D53620 /* Main.storyboard */; };
		79BC08DB1FE090C100D53620 /* diyordernative.xcdatamodeld in Sources */ = {isa = PBXBuildFile; fileRef = 79BC08D91FE090C100D53620 /* diyordernative.xcdatamodeld */; };
		79BC08DD1FE090C100D53620 /* Assets.xcassets in Resources */ = {isa = PBXBuildFile; fileRef = 79BC08DC1FE090C100D53620 /* Assets.xcassets */; };
		79BC08EB1FE090C100D53620 /* diyordernativeTests.swift in Sources */ = {isa = PBXBuildFile; fileRef = 79BC08EA1FE090C100D53620 /* diyordernativeTests.swift */; };
		79BC08F61FE090C100D53620 /* diyordernativeUITests.swift in Sources */ = {isa = PBXBuildFile; fileRef = 79BC08F51FE090C100D53620 /* diyordernativeUITests.swift */; };
		79D696921FEC333100097B4F /* Profile.swift in Sources */ = {isa = PBXBuildFile; fileRef = 79D696911FEC333100097B4F /* Profile.swift */; };
		79D696941FEC34DD00097B4F /* Phone.swift in Sources */ = {isa = PBXBuildFile; fileRef = 79D696931FEC34DD00097B4F /* Phone.swift */; };
		79D696961FEC420700097B4F /* AccountHeaderCell.swift in Sources */ = {isa = PBXBuildFile; fileRef = 79D696951FEC420700097B4F /* AccountHeaderCell.swift */; };
		79DDFD4F1FE1AC5000DA8460 /* HotItemViewController.swift in Sources */ = {isa = PBXBuildFile; fileRef = 79DDFD4E1FE1AC5000DA8460 /* HotItemViewController.swift */; };
		79E4497D1FE3B8B8005F4FCC /* StoreCategoryCell.swift in Sources */ = {isa = PBXBuildFile; fileRef = 79E4497C1FE3B8B8005F4FCC /* StoreCategoryCell.swift */; };
		79E4497F1FE3BB3B005F4FCC /* StoreCategoryLoader.swift in Sources */ = {isa = PBXBuildFile; fileRef = 79E4497E1FE3BB3B005F4FCC /* StoreCategoryLoader.swift */; };
		79E449811FE3BB7B005F4FCC /* StoreCategory.swift in Sources */ = {isa = PBXBuildFile; fileRef = 79E449801FE3BB7B005F4FCC /* StoreCategory.swift */; };
		79FDBA621FE093D300E72807 /* SysConstants.swift in Sources */ = {isa = PBXBuildFile; fileRef = 79FDBA611FE093D300E72807 /* SysConstants.swift */; };
		79FDBA641FE093F600E72807 /* UIConstants.swift in Sources */ = {isa = PBXBuildFile; fileRef = 79FDBA631FE093F600E72807 /* UIConstants.swift */; };
		79FDBA661FE0959700E72807 /* LaunchScreen.storyboard in Resources */ = {isa = PBXBuildFile; fileRef = 79FDBA651FE0959700E72807 /* LaunchScreen.storyboard */; };
		79FDBA681FE0981E00E72807 /* BaseViewController.swift in Sources */ = {isa = PBXBuildFile; fileRef = 79FDBA671FE0981E00E72807 /* BaseViewController.swift */; };
		79FDBA6C1FE098B700E72807 /* BaseTableViewController.swift in Sources */ = {isa = PBXBuildFile; fileRef = 79FDBA6B1FE098B700E72807 /* BaseTableViewController.swift */; };
		79FDBA6F1FE098DE00E72807 /* BaseCollectionViewController.swift in Sources */ = {isa = PBXBuildFile; fileRef = 79FDBA6E1FE098DE00E72807 /* BaseCollectionViewController.swift */; };
		79FF87081FE9DC81004AF317 /* HotItemSortItems.json in Resources */ = {isa = PBXBuildFile; fileRef = 79FF87071FE9DC81004AF317 /* HotItemSortItems.json */; };
		79FF870A1FE9DD60004AF317 /* HotItemSort.swift in Sources */ = {isa = PBXBuildFile; fileRef = 79FF87091FE9DD60004AF317 /* HotItemSort.swift */; };
		79FF870C1FE9DE74004AF317 /* Sort.swift in Sources */ = {isa = PBXBuildFile; fileRef = 79FF870B1FE9DE74004AF317 /* Sort.swift */; };
		F99D502A79DDB661E3D0F255 /* Pods_diyordernative.framework in Frameworks */ = {isa = PBXBuildFile; fileRef = 7630F4725898C0F1445ED6AC /* Pods_diyordernative.framework */; };
/* End PBXBuildFile section */

/* Begin PBXContainerItemProxy section */
		79BC08E71FE090C100D53620 /* PBXContainerItemProxy */ = {
			isa = PBXContainerItemProxy;
			containerPortal = 79BC08C71FE090C100D53620 /* Project object */;
			proxyType = 1;
			remoteGlobalIDString = 79BC08CE1FE090C100D53620;
			remoteInfo = diyordernative;
		};
		79BC08F21FE090C100D53620 /* PBXContainerItemProxy */ = {
			isa = PBXContainerItemProxy;
			containerPortal = 79BC08C71FE090C100D53620 /* Project object */;
			proxyType = 1;
			remoteGlobalIDString = 79BC08CE1FE090C100D53620;
			remoteInfo = diyordernative;
		};
/* End PBXContainerItemProxy section */

/* Begin PBXFileReference section */
		0DAB040D9B6640E8D3B5AA89 /* Pods_diyordernativeUITests.framework */ = {isa = PBXFileReference; explicitFileType = wrapper.framework; includeInIndex = 0; path = Pods_diyordernativeUITests.framework; sourceTree = BUILT_PRODUCTS_DIR; };
		4FB6AB920D4613ACC19D9DFB /* Pods-diyordernative.release.xcconfig */ = {isa = PBXFileReference; includeInIndex = 1; lastKnownFileType = text.xcconfig; name = "Pods-diyordernative.release.xcconfig"; path = "Pods/Target Support Files/Pods-diyordernative/Pods-diyordernative.release.xcconfig"; sourceTree = "<group>"; };
		7630F4725898C0F1445ED6AC /* Pods_diyordernative.framework */ = {isa = PBXFileReference; explicitFileType = wrapper.framework; includeInIndex = 0; path = Pods_diyordernative.framework; sourceTree = BUILT_PRODUCTS_DIR; };
		7907CEDD1FE6424800A617E1 /* Utils.swift */ = {isa = PBXFileReference; lastKnownFileType = sourcecode.swift; path = Utils.swift; sourceTree = "<group>"; };
		7907CEE11FE6628A00A617E1 /* RightSlideFilterViewController.swift */ = {isa = PBXFileReference; lastKnownFileType = sourcecode.swift; path = RightSlideFilterViewController.swift; sourceTree = "<group>"; };
		7907CEE21FE6628A00A617E1 /* RightSlideFilterViewController.xib */ = {isa = PBXFileReference; lastKnownFileType = file.xib; path = RightSlideFilterViewController.xib; sourceTree = "<group>"; };
		790DC2B81FE8F66B00A04AFA /* LocationHelper.swift */ = {isa = PBXFileReference; lastKnownFileType = sourcecode.swift; path = LocationHelper.swift; sourceTree = "<group>"; };
		790DC2BC1FEA396300A04AFA /* zh-Hans */ = {isa = PBXFileReference; lastKnownFileType = text.plist.strings; name = "zh-Hans"; path = "zh-Hans.lproj/Main.strings"; sourceTree = "<group>"; };
		790DC2BD1FEA396800A04AFA /* zh-Hant */ = {isa = PBXFileReference; lastKnownFileType = text.plist.strings; name = "zh-Hant"; path = "zh-Hant.lproj/Main.strings"; sourceTree = "<group>"; };
		790DC2C11FEA3A2100A04AFA /* en */ = {isa = PBXFileReference; lastKnownFileType = text.plist.strings; name = en; path = en.lproj/Localizable.strings; sourceTree = "<group>"; };
		790DC2C31FEA3A2700A04AFA /* zh-Hans */ = {isa = PBXFileReference; lastKnownFileType = text.plist.strings; name = "zh-Hans"; path = "zh-Hans.lproj/Localizable.strings"; sourceTree = "<group>"; };
		790DC2C41FEA3A2800A04AFA /* zh-Hant */ = {isa = PBXFileReference; lastKnownFileType = text.plist.strings; name = "zh-Hant"; path = "zh-Hant.lproj/Localizable.strings"; sourceTree = "<group>"; };
		790DC2C51FEA489B00A04AFA /* HotItemRightSlideTableViewMainDataSourceAndDelegate.swift */ = {isa = PBXFileReference; lastKnownFileType = sourcecode.swift; path = HotItemRightSlideTableViewMainDataSourceAndDelegate.swift; sourceTree = "<group>"; };
		790DC2C71FEA48EC00A04AFA /* HotItemRightSlideTableViewDataSourceAndDelegate.swift */ = {isa = PBXFileReference; lastKnownFileType = sourcecode.swift; path = HotItemRightSlideTableViewDataSourceAndDelegate.swift; sourceTree = "<group>"; };
		792127201FE1EC11006C5F42 /* BannerItem.swift */ = {isa = PBXFileReference; lastKnownFileType = sourcecode.swift; path = BannerItem.swift; sourceTree = "<group>"; };
		792127221FE1F0E2006C5F42 /* HotItem.swift */ = {isa = PBXFileReference; lastKnownFileType = sourcecode.swift; path = HotItem.swift; sourceTree = "<group>"; };
		792127241FE1F742006C5F42 /* HotItemManager.swift */ = {isa = PBXFileReference; lastKnownFileType = sourcecode.swift; path = HotItemManager.swift; sourceTree = "<group>"; };
		79279D751FEC9FBC00C7C084 /* ShoppingCartCheckoutCell.swift */ = {isa = PBXFileReference; lastKnownFileType = sourcecode.swift; path = ShoppingCartCheckoutCell.swift; sourceTree = "<group>"; };
		792E9D501FEB2494004D5045 /* HotItemRightSlideTableViewHeaderView.swift */ = {isa = PBXFileReference; lastKnownFileType = sourcecode.swift; path = HotItemRightSlideTableViewHeaderView.swift; sourceTree = "<group>"; };
		792E9D521FEB24B1004D5045 /* HotItemRightSlideTableViewHeaderView.xib */ = {isa = PBXFileReference; lastKnownFileType = file.xib; path = HotItemRightSlideTableViewHeaderView.xib; sourceTree = "<group>"; };
		792EC6001FE45E2600B4C563 /* HotItemCategoryHeaderView.swift */ = {isa = PBXFileReference; lastKnownFileType = sourcecode.swift; path = HotItemCategoryHeaderView.swift; sourceTree = "<group>"; };
		792EC6011FE45E2600B4C563 /* HotItemCategoryHeaderView.xib */ = {isa = PBXFileReference; lastKnownFileType = file.xib; path = HotItemCategoryHeaderView.xib; sourceTree = "<group>"; };
		792EC6041FE45F3C00B4C563 /* HotItemCategory.swift */ = {isa = PBXFileReference; lastKnownFileType = sourcecode.swift; path = HotItemCategory.swift; sourceTree = "<group>"; };
		792EC6061FE4810400B4C563 /* HotItemLoader.swift */ = {isa = PBXFileReference; lastKnownFileType = sourcecode.swift; path = HotItemLoader.swift; sourceTree = "<group>"; };
		792EC6081FE486CD00B4C563 /* UtilityButtonsHeaderView.swift */ = {isa = PBXFileReference; lastKnownFileType = sourcecode.swift; path = UtilityButtonsHeaderView.swift; sourceTree = "<group>"; };
		792EC6091FE486CD00B4C563 /* UtilityButtonsHeaderView.xib */ = {isa = PBXFileReference; lastKnownFileType = file.xib; path = UtilityButtonsHeaderView.xib; sourceTree = "<group>"; };
		792EC60F1FE4912C00B4C563 /* GridProductCell.swift */ = {isa = PBXFileReference; lastKnownFileType = sourcecode.swift; path = GridProductCell.swift; sourceTree = "<group>"; };
		792EC6101FE4912C00B4C563 /* GridProductCell.xib */ = {isa = PBXFileReference; lastKnownFileType = file.xib; path = GridProductCell.xib; sourceTree = "<group>"; };
		792EC6131FE4ACA000B4C563 /* CollectionLoadingFooterView.swift */ = {isa = PBXFileReference; lastKnownFileType = sourcecode.swift; path = CollectionLoadingFooterView.swift; sourceTree = "<group>"; };
		792EC6141FE4ACA000B4C563 /* CollectionLoadingFooterView.xib */ = {isa = PBXFileReference; lastKnownFileType = file.xib; path = CollectionLoadingFooterView.xib; sourceTree = "<group>"; };
		792F96541FE2EB6D00A67ADC /* ApiManager.swift */ = {isa = PBXFileReference; fileEncoding = 4; lastKnownFileType = sourcecode.swift; path = ApiManager.swift; sourceTree = "<group>"; };
		792F96561FE3015A00A67ADC /* OauthKeyPair.swift */ = {isa = PBXFileReference; fileEncoding = 4; lastKnownFileType = sourcecode.swift; path = OauthKeyPair.swift; sourceTree = "<group>"; };
		792F96581FE3019E00A67ADC /* Enums.swift */ = {isa = PBXFileReference; lastKnownFileType = sourcecode.swift; path = Enums.swift; sourceTree = "<group>"; };
		792F965A1FE3022C00A67ADC /* BannerItemLoader.swift */ = {isa = PBXFileReference; lastKnownFileType = sourcecode.swift; path = BannerItemLoader.swift; sourceTree = "<group>"; };
		792F965C1FE302F200A67ADC /* LanguageControl.swift */ = {isa = PBXFileReference; lastKnownFileType = sourcecode.swift; path = LanguageControl.swift; sourceTree = "<group>"; };
		792F965E1FE303E700A67ADC /* Language.swift */ = {isa = PBXFileReference; lastKnownFileType = sourcecode.swift; path = Language.swift; sourceTree = "<group>"; };
		792F96601FE320D200A67ADC /* UrlHelper.swift */ = {isa = PBXFileReference; lastKnownFileType = sourcecode.swift; path = UrlHelper.swift; sourceTree = "<group>"; };
		792F96621FE3310100A67ADC /* BannerItemCell.swift */ = {isa = PBXFileReference; lastKnownFileType = sourcecode.swift; path = BannerItemCell.swift; sourceTree = "<group>"; };
		792F96641FE33FB500A67ADC /* ImageHelper.swift */ = {isa = PBXFileReference; lastKnownFileType = sourcecode.swift; path = ImageHelper.swift; sourceTree = "<group>"; };
		792F96661FE3403F00A67ADC /* CloudinaryHelper.swift */ = {isa = PBXFileReference; fileEncoding = 4; lastKnownFileType = sourcecode.swift; path = CloudinaryHelper.swift; sourceTree = "<group>"; };
		794380261FE0A2ED00F6594D /* IconLabelButtonView.xib */ = {isa = PBXFileReference; lastKnownFileType = file.xib; path = IconLabelButtonView.xib; sourceTree = "<group>"; };
		794380281FE0A31800F6594D /* IconLabelButtonView.swift */ = {isa = PBXFileReference; lastKnownFileType = sourcecode.swift; path = IconLabelButtonView.swift; sourceTree = "<group>"; };
		7943802A1FE0B15200F6594D /* RootNavigationController.swift */ = {isa = PBXFileReference; lastKnownFileType = sourcecode.swift; path = RootNavigationController.swift; sourceTree = "<group>"; };
		7943802C1FE0B36100F6594D /* RootTabBarController.swift */ = {isa = PBXFileReference; lastKnownFileType = sourcecode.swift; path = RootTabBarController.swift; sourceTree = "<group>"; };
		794599F51FE9AA2400419612 /* ShoppingCartViewController.swift */ = {isa = PBXFileReference; lastKnownFileType = sourcecode.swift; path = ShoppingCartViewController.swift; sourceTree = "<group>"; };
		794C55351FEC687100A2C0BD /* AccountSegmentCell.swift */ = {isa = PBXFileReference; lastKnownFileType = sourcecode.swift; path = AccountSegmentCell.swift; sourceTree = "<group>"; };
		794C55371FEC781200A2C0BD /* UIButtonExtension.swift */ = {isa = PBXFileReference; lastKnownFileType = sourcecode.swift; path = UIButtonExtension.swift; sourceTree = "<group>"; };
		795313061FE1F7E400B940F8 /* HotItemFilterManager.swift */ = {isa = PBXFileReference; lastKnownFileType = sourcecode.swift; path = HotItemFilterManager.swift; sourceTree = "<group>"; };
		795313081FE1F8AC00B940F8 /* BaseApiResponse.swift */ = {isa = PBXFileReference; lastKnownFileType = sourcecode.swift; path = BaseApiResponse.swift; sourceTree = "<group>"; };
		7953130A1FE1F8C000B940F8 /* ListApiResponse.swift */ = {isa = PBXFileReference; lastKnownFileType = sourcecode.swift; path = ListApiResponse.swift; sourceTree = "<group>"; };
		7953130C1FE1F97000B940F8 /* ApiResponse.swift */ = {isa = PBXFileReference; lastKnownFileType = sourcecode.swift; path = ApiResponse.swift; sourceTree = "<group>"; };
		7961D2181FE79E9000C739C1 /* ListProductCell.swift */ = {isa = PBXFileReference; lastKnownFileType = sourcecode.swift; path = ListProductCell.swift; sourceTree = "<group>"; };
		7961D2191FE79E9000C739C1 /* ListProductCell.xib */ = {isa = PBXFileReference; lastKnownFileType = file.xib; path = ListProductCell.xib; sourceTree = "<group>"; };
		79734B8E1FEC87AF00994883 /* CountryList.json */ = {isa = PBXFileReference; fileEncoding = 4; lastKnownFileType = text.json; name = CountryList.json; path = ../../../Downloads/CountryList.json; sourceTree = "<group>"; };
		798A35CB1FEB89C000A34616 /* FilterPriceRangeCell.swift */ = {isa = PBXFileReference; lastKnownFileType = sourcecode.swift; path = FilterPriceRangeCell.swift; sourceTree = "<group>"; };
		798A35CC1FEB89C000A34616 /* FilterPriceRangeCell.xib */ = {isa = PBXFileReference; lastKnownFileType = file.xib; path = FilterPriceRangeCell.xib; sourceTree = "<group>"; };
		79ADC83E1FE1B11F0022B513 /* OrderViewController.swift */ = {isa = PBXFileReference; fileEncoding = 4; lastKnownFileType = sourcecode.swift; path = OrderViewController.swift; sourceTree = "<group>"; };
		79ADC8401FE1B2A10022B513 /* AccountViewController.swift */ = {isa = PBXFileReference; lastKnownFileType = sourcecode.swift; path = AccountViewController.swift; sourceTree = "<group>"; };
		79BC08CF1FE090C100D53620 /* diyordernative.app */ = {isa = PBXFileReference; explicitFileType = wrapper.application; includeInIndex = 0; path = diyordernative.app; sourceTree = BUILT_PRODUCTS_DIR; };
		79BC08D21FE090C100D53620 /* AppDelegate.swift */ = {isa = PBXFileReference; lastKnownFileType = sourcecode.swift; path = AppDelegate.swift; sourceTree = "<group>"; };
		79BC08D41FE090C100D53620 /* HomeViewController.swift */ = {isa = PBXFileReference; lastKnownFileType = sourcecode.swift; path = HomeViewController.swift; sourceTree = "<group>"; };
		79BC08D71FE090C100D53620 /* Base */ = {isa = PBXFileReference; lastKnownFileType = file.storyboard; name = Base; path = Base.lproj/Main.storyboard; sourceTree = "<group>"; };
		79BC08DA1FE090C100D53620 /* diyordernative.xcdatamodel */ = {isa = PBXFileReference; lastKnownFileType = wrapper.xcdatamodel; path = diyordernative.xcdatamodel; sourceTree = "<group>"; };
		79BC08DC1FE090C100D53620 /* Assets.xcassets */ = {isa = PBXFileReference; lastKnownFileType = folder.assetcatalog; path = Assets.xcassets; sourceTree = "<group>"; };
		79BC08E11FE090C100D53620 /* Info.plist */ = {isa = PBXFileReference; lastKnownFileType = text.plist.xml; path = Info.plist; sourceTree = "<group>"; };
		79BC08E61FE090C100D53620 /* diyordernativeTests.xctest */ = {isa = PBXFileReference; explicitFileType = wrapper.cfbundle; includeInIndex = 0; path = diyordernativeTests.xctest; sourceTree = BUILT_PRODUCTS_DIR; };
		79BC08EA1FE090C100D53620 /* diyordernativeTests.swift */ = {isa = PBXFileReference; lastKnownFileType = sourcecode.swift; path = diyordernativeTests.swift; sourceTree = "<group>"; };
		79BC08EC1FE090C100D53620 /* Info.plist */ = {isa = PBXFileReference; lastKnownFileType = text.plist.xml; path = Info.plist; sourceTree = "<group>"; };
		79BC08F11FE090C100D53620 /* diyordernativeUITests.xctest */ = {isa = PBXFileReference; explicitFileType = wrapper.cfbundle; includeInIndex = 0; path = diyordernativeUITests.xctest; sourceTree = BUILT_PRODUCTS_DIR; };
		79BC08F51FE090C100D53620 /* diyordernativeUITests.swift */ = {isa = PBXFileReference; lastKnownFileType = sourcecode.swift; path = diyordernativeUITests.swift; sourceTree = "<group>"; };
		79BC08F71FE090C100D53620 /* Info.plist */ = {isa = PBXFileReference; lastKnownFileType = text.plist.xml; path = Info.plist; sourceTree = "<group>"; };
		79C3C6FD1FE8EB8600693C72 /* Burnaby.gpx */ = {isa = PBXFileReference; lastKnownFileType = text.xml; path = Burnaby.gpx; sourceTree = "<group>"; };
		79C3C6FE1FE8EBF800693C72 /* Vancouver.gpx */ = {isa = PBXFileReference; lastKnownFileType = text.xml; path = Vancouver.gpx; sourceTree = "<group>"; };
		79D696911FEC333100097B4F /* Profile.swift */ = {isa = PBXFileReference; lastKnownFileType = sourcecode.swift; path = Profile.swift; sourceTree = "<group>"; };
		79D696931FEC34DD00097B4F /* Phone.swift */ = {isa = PBXFileReference; lastKnownFileType = sourcecode.swift; path = Phone.swift; sourceTree = "<group>"; };
		79D696951FEC420700097B4F /* AccountHeaderCell.swift */ = {isa = PBXFileReference; lastKnownFileType = sourcecode.swift; path = AccountHeaderCell.swift; sourceTree = "<group>"; };
		79DDFD4E1FE1AC5000DA8460 /* HotItemViewController.swift */ = {isa = PBXFileReference; lastKnownFileType = sourcecode.swift; path = HotItemViewController.swift; sourceTree = "<group>"; };
		79E4497C1FE3B8B8005F4FCC /* StoreCategoryCell.swift */ = {isa = PBXFileReference; lastKnownFileType = sourcecode.swift; path = StoreCategoryCell.swift; sourceTree = "<group>"; };
		79E4497E1FE3BB3B005F4FCC /* StoreCategoryLoader.swift */ = {isa = PBXFileReference; lastKnownFileType = sourcecode.swift; path = StoreCategoryLoader.swift; sourceTree = "<group>"; };
		79E449801FE3BB7B005F4FCC /* StoreCategory.swift */ = {isa = PBXFileReference; lastKnownFileType = sourcecode.swift; path = StoreCategory.swift; sourceTree = "<group>"; };
		79FDBA611FE093D300E72807 /* SysConstants.swift */ = {isa = PBXFileReference; lastKnownFileType = sourcecode.swift; path = SysConstants.swift; sourceTree = "<group>"; };
		79FDBA631FE093F600E72807 /* UIConstants.swift */ = {isa = PBXFileReference; lastKnownFileType = sourcecode.swift; path = UIConstants.swift; sourceTree = "<group>"; };
		79FDBA651FE0959700E72807 /* LaunchScreen.storyboard */ = {isa = PBXFileReference; lastKnownFileType = file.storyboard; path = LaunchScreen.storyboard; sourceTree = "<group>"; };
		79FDBA671FE0981E00E72807 /* BaseViewController.swift */ = {isa = PBXFileReference; lastKnownFileType = sourcecode.swift; path = BaseViewController.swift; sourceTree = "<group>"; };
		79FDBA6B1FE098B700E72807 /* BaseTableViewController.swift */ = {isa = PBXFileReference; lastKnownFileType = sourcecode.swift; path = BaseTableViewController.swift; sourceTree = "<group>"; };
		79FDBA6E1FE098DE00E72807 /* BaseCollectionViewController.swift */ = {isa = PBXFileReference; lastKnownFileType = sourcecode.swift; path = BaseCollectionViewController.swift; sourceTree = "<group>"; };
		79FF87071FE9DC81004AF317 /* HotItemSortItems.json */ = {isa = PBXFileReference; fileEncoding = 4; lastKnownFileType = text.json; path = HotItemSortItems.json; sourceTree = "<group>"; };
		79FF87091FE9DD60004AF317 /* HotItemSort.swift */ = {isa = PBXFileReference; lastKnownFileType = sourcecode.swift; path = HotItemSort.swift; sourceTree = "<group>"; };
		79FF870B1FE9DE74004AF317 /* Sort.swift */ = {isa = PBXFileReference; lastKnownFileType = sourcecode.swift; path = Sort.swift; sourceTree = "<group>"; };
		A913C7541CDEFA461BB81B09 /* Pods_diyordernativeTests.framework */ = {isa = PBXFileReference; explicitFileType = wrapper.framework; includeInIndex = 0; path = Pods_diyordernativeTests.framework; sourceTree = BUILT_PRODUCTS_DIR; };
		D44B1F6B6AB880F522A2F882 /* Pods-diyordernative.debug.xcconfig */ = {isa = PBXFileReference; includeInIndex = 1; lastKnownFileType = text.xcconfig; name = "Pods-diyordernative.debug.xcconfig"; path = "Pods/Target Support Files/Pods-diyordernative/Pods-diyordernative.debug.xcconfig"; sourceTree = "<group>"; };
/* End PBXFileReference section */

/* Begin PBXFrameworksBuildPhase section */
		79BC08CC1FE090C100D53620 /* Frameworks */ = {
			isa = PBXFrameworksBuildPhase;
			buildActionMask = 2147483647;
			files = (
				F99D502A79DDB661E3D0F255 /* Pods_diyordernative.framework in Frameworks */,
			);
			runOnlyForDeploymentPostprocessing = 0;
		};
		79BC08E31FE090C100D53620 /* Frameworks */ = {
			isa = PBXFrameworksBuildPhase;
			buildActionMask = 2147483647;
			files = (
			);
			runOnlyForDeploymentPostprocessing = 0;
		};
		79BC08EE1FE090C100D53620 /* Frameworks */ = {
			isa = PBXFrameworksBuildPhase;
			buildActionMask = 2147483647;
			files = (
			);
			runOnlyForDeploymentPostprocessing = 0;
		};
/* End PBXFrameworksBuildPhase section */

/* Begin PBXGroup section */
		6C5BB8B314E0B1CAFB2937F2 /* Frameworks */ = {
			isa = PBXGroup;
			children = (
				7630F4725898C0F1445ED6AC /* Pods_diyordernative.framework */,
				A913C7541CDEFA461BB81B09 /* Pods_diyordernativeTests.framework */,
				0DAB040D9B6640E8D3B5AA89 /* Pods_diyordernativeUITests.framework */,
			);
			name = Frameworks;
			sourceTree = "<group>";
		};
		792F96531FE2EAD300A67ADC /* ApiResponseWrapper */ = {
			isa = PBXGroup;
			children = (
				795313081FE1F8AC00B940F8 /* BaseApiResponse.swift */,
				7953130A1FE1F8C000B940F8 /* ListApiResponse.swift */,
				7953130C1FE1F97000B940F8 /* ApiResponse.swift */,
			);
			path = ApiResponseWrapper;
			sourceTree = "<group>";
		};
		79BC08C61FE090C100D53620 = {
			isa = PBXGroup;
			children = (
				79BC08D11FE090C100D53620 /* diyordernative */,
				79BC08E91FE090C100D53620 /* diyordernativeTests */,
				79BC08F41FE090C100D53620 /* diyordernativeUITests */,
				79BC08D01FE090C100D53620 /* Products */,
				DC3A9B06E1B4BFCEC46A5AA4 /* Pods */,
				6C5BB8B314E0B1CAFB2937F2 /* Frameworks */,
			);
			sourceTree = "<group>";
		};
		79BC08D01FE090C100D53620 /* Products */ = {
			isa = PBXGroup;
			children = (
				79BC08CF1FE090C100D53620 /* diyordernative.app */,
				79BC08E61FE090C100D53620 /* diyordernativeTests.xctest */,
				79BC08F11FE090C100D53620 /* diyordernativeUITests.xctest */,
			);
			name = Products;
			sourceTree = "<group>";
		};
		79BC08D11FE090C100D53620 /* diyordernative */ = {
			isa = PBXGroup;
			children = (
				79BC08E11FE090C100D53620 /* Info.plist */,
				79FDBA5B1FE092FD00E72807 /* Resource */,
				79FDBA5A1FE092E300E72807 /* Source */,
			);
			path = diyordernative;
			sourceTree = "<group>";
		};
		79BC08E91FE090C100D53620 /* diyordernativeTests */ = {
			isa = PBXGroup;
			children = (
				79BC08EA1FE090C100D53620 /* diyordernativeTests.swift */,
				79BC08EC1FE090C100D53620 /* Info.plist */,
			);
			path = diyordernativeTests;
			sourceTree = "<group>";
		};
		79BC08F41FE090C100D53620 /* diyordernativeUITests */ = {
			isa = PBXGroup;
			children = (
				79BC08F51FE090C100D53620 /* diyordernativeUITests.swift */,
				79BC08F71FE090C100D53620 /* Info.plist */,
			);
			path = diyordernativeUITests;
			sourceTree = "<group>";
		};
		79FDBA5A1FE092E300E72807 /* Source */ = {
			isa = PBXGroup;
			children = (
				79BC08D21FE090C100D53620 /* AppDelegate.swift */,
				79FDBA611FE093D300E72807 /* SysConstants.swift */,
				79FDBA631FE093F600E72807 /* UIConstants.swift */,
				792F96581FE3019E00A67ADC /* Enums.swift */,
				79BC08D91FE090C100D53620 /* diyordernative.xcdatamodeld */,
				79FDBA601FE093AC00E72807 /* Helpers */,
				79FDBA5E1FE0935B00E72807 /* Models */,
				79FDBA5D1FE0933600E72807 /* Storages */,
				79FDBA5C1FE0932E00E72807 /* ViewControllers */,
				79FDBA5F1FE0937400E72807 /* Views */,
			);
			path = Source;
			sourceTree = "<group>";
		};
		79FDBA5B1FE092FD00E72807 /* Resource */ = {
			isa = PBXGroup;
			children = (
				79FF87071FE9DC81004AF317 /* HotItemSortItems.json */,
				79734B8E1FEC87AF00994883 /* CountryList.json */,
				79C3C6FD1FE8EB8600693C72 /* Burnaby.gpx */,
				79C3C6FE1FE8EBF800693C72 /* Vancouver.gpx */,
				79BC08DC1FE090C100D53620 /* Assets.xcassets */,
				790DC2C21FEA3A2100A04AFA /* Localizable.strings */,
			);
			path = Resource;
			sourceTree = "<group>";
		};
		79FDBA5C1FE0932E00E72807 /* ViewControllers */ = {
			isa = PBXGroup;
			children = (
				79BC08D61FE090C100D53620 /* Main.storyboard */,
				79FDBA651FE0959700E72807 /* LaunchScreen.storyboard */,
				79ADC8401FE1B2A10022B513 /* AccountViewController.swift */,
				79BC08D41FE090C100D53620 /* HomeViewController.swift */,
				79DDFD4E1FE1AC5000DA8460 /* HotItemViewController.swift */,
				790DC2C51FEA489B00A04AFA /* HotItemRightSlideTableViewMainDataSourceAndDelegate.swift */,
				790DC2C71FEA48EC00A04AFA /* HotItemRightSlideTableViewDataSourceAndDelegate.swift */,
				79ADC83E1FE1B11F0022B513 /* OrderViewController.swift */,
				794599F51FE9AA2400419612 /* ShoppingCartViewController.swift */,
				7943802A1FE0B15200F6594D /* RootNavigationController.swift */,
				7943802C1FE0B36100F6594D /* RootTabBarController.swift */,
				7907CEE11FE6628A00A617E1 /* RightSlideFilterViewController.swift */,
				7907CEE21FE6628A00A617E1 /* RightSlideFilterViewController.xib */,
				79FDBA6A1FE0984900E72807 /* BaseViewControllers */,
			);
			path = ViewControllers;
			sourceTree = "<group>";
		};
		79FDBA5D1FE0933600E72807 /* Storages */ = {
			isa = PBXGroup;
			children = (
				792127241FE1F742006C5F42 /* HotItemManager.swift */,
				795313061FE1F7E400B940F8 /* HotItemFilterManager.swift */,
			);
			path = Storages;
			sourceTree = "<group>";
		};
		79FDBA5E1FE0935B00E72807 /* Models */ = {
			isa = PBXGroup;
			children = (
				792F96531FE2EAD300A67ADC /* ApiResponseWrapper */,
				792F96561FE3015A00A67ADC /* OauthKeyPair.swift */,
				792127201FE1EC11006C5F42 /* BannerItem.swift */,
				792127221FE1F0E2006C5F42 /* HotItem.swift */,
				792EC6041FE45F3C00B4C563 /* HotItemCategory.swift */,
				79FF87091FE9DD60004AF317 /* HotItemSort.swift */,
				79FF870B1FE9DE74004AF317 /* Sort.swift */,
				792F965E1FE303E700A67ADC /* Language.swift */,
				79E449801FE3BB7B005F4FCC /* StoreCategory.swift */,
				79D696911FEC333100097B4F /* Profile.swift */,
				79D696931FEC34DD00097B4F /* Phone.swift */,
			);
			path = Models;
			sourceTree = "<group>";
		};
		79FDBA5F1FE0937400E72807 /* Views */ = {
			isa = PBXGroup;
			children = (
				794380281FE0A31800F6594D /* IconLabelButtonView.swift */,
				794380261FE0A2ED00F6594D /* IconLabelButtonView.xib */,
				792F96621FE3310100A67ADC /* BannerItemCell.swift */,
				79E4497C1FE3B8B8005F4FCC /* StoreCategoryCell.swift */,
				792EC6001FE45E2600B4C563 /* HotItemCategoryHeaderView.swift */,
				792EC6011FE45E2600B4C563 /* HotItemCategoryHeaderView.xib */,
				792EC6081FE486CD00B4C563 /* UtilityButtonsHeaderView.swift */,
				792EC6091FE486CD00B4C563 /* UtilityButtonsHeaderView.xib */,
				792EC60F1FE4912C00B4C563 /* GridProductCell.swift */,
				792EC6101FE4912C00B4C563 /* GridProductCell.xib */,
				7961D2181FE79E9000C739C1 /* ListProductCell.swift */,
				7961D2191FE79E9000C739C1 /* ListProductCell.xib */,
				792EC6131FE4ACA000B4C563 /* CollectionLoadingFooterView.swift */,
				792EC6141FE4ACA000B4C563 /* CollectionLoadingFooterView.xib */,
				792E9D501FEB2494004D5045 /* HotItemRightSlideTableViewHeaderView.swift */,
				792E9D521FEB24B1004D5045 /* HotItemRightSlideTableViewHeaderView.xib */,
				798A35CB1FEB89C000A34616 /* FilterPriceRangeCell.swift */,
				798A35CC1FEB89C000A34616 /* FilterPriceRangeCell.xib */,
				79D696951FEC420700097B4F /* AccountHeaderCell.swift */,
				794C55351FEC687100A2C0BD /* AccountSegmentCell.swift */,
				79279D751FEC9FBC00C7C084 /* ShoppingCartCheckoutCell.swift */,
			);
			path = Views;
			sourceTree = "<group>";
		};
		79FDBA601FE093AC00E72807 /* Helpers */ = {
			isa = PBXGroup;
			children = (
				792F96661FE3403F00A67ADC /* CloudinaryHelper.swift */,
				792F96541FE2EB6D00A67ADC /* ApiManager.swift */,
				792F965A1FE3022C00A67ADC /* BannerItemLoader.swift */,
				79E4497E1FE3BB3B005F4FCC /* StoreCategoryLoader.swift */,
				792EC6061FE4810400B4C563 /* HotItemLoader.swift */,
				792F965C1FE302F200A67ADC /* LanguageControl.swift */,
				792F96601FE320D200A67ADC /* UrlHelper.swift */,
				792F96641FE33FB500A67ADC /* ImageHelper.swift */,
				7907CEDD1FE6424800A617E1 /* Utils.swift */,
				790DC2B81FE8F66B00A04AFA /* LocationHelper.swift */,
				794C55371FEC781200A2C0BD /* UIButtonExtension.swift */,
			);
			path = Helpers;
			sourceTree = "<group>";
		};
		79FDBA6A1FE0984900E72807 /* BaseViewControllers */ = {
			isa = PBXGroup;
			children = (
				79FDBA671FE0981E00E72807 /* BaseViewController.swift */,
				79FDBA6B1FE098B700E72807 /* BaseTableViewController.swift */,
				79FDBA6E1FE098DE00E72807 /* BaseCollectionViewController.swift */,
			);
			path = BaseViewControllers;
			sourceTree = "<group>";
		};
		DC3A9B06E1B4BFCEC46A5AA4 /* Pods */ = {
			isa = PBXGroup;
			children = (
				D44B1F6B6AB880F522A2F882 /* Pods-diyordernative.debug.xcconfig */,
				4FB6AB920D4613ACC19D9DFB /* Pods-diyordernative.release.xcconfig */,
			);
			name = Pods;
			sourceTree = "<group>";
		};
/* End PBXGroup section */

/* Begin PBXNativeTarget section */
		79BC08CE1FE090C100D53620 /* diyordernative */ = {
			isa = PBXNativeTarget;
			buildConfigurationList = 79BC08FA1FE090C100D53620 /* Build configuration list for PBXNativeTarget "diyordernative" */;
			buildPhases = (
				D519DA930862641C0489AEC4 /* [CP] Check Pods Manifest.lock */,
				79BC08CB1FE090C100D53620 /* Sources */,
				79BC08CC1FE090C100D53620 /* Frameworks */,
				79BC08CD1FE090C100D53620 /* Resources */,
				C4F5E7DD53F05894E0F6F663 /* [CP] Embed Pods Frameworks */,
				9D62D7877E56CD048436421E /* [CP] Copy Pods Resources */,
			);
			buildRules = (
			);
			dependencies = (
			);
			name = diyordernative;
			productName = diyordernative;
			productReference = 79BC08CF1FE090C100D53620 /* diyordernative.app */;
			productType = "com.apple.product-type.application";
		};
		79BC08E51FE090C100D53620 /* diyordernativeTests */ = {
			isa = PBXNativeTarget;
			buildConfigurationList = 79BC08FD1FE090C100D53620 /* Build configuration list for PBXNativeTarget "diyordernativeTests" */;
			buildPhases = (
				79BC08E21FE090C100D53620 /* Sources */,
				79BC08E31FE090C100D53620 /* Frameworks */,
				79BC08E41FE090C100D53620 /* Resources */,
			);
			buildRules = (
			);
			dependencies = (
				79BC08E81FE090C100D53620 /* PBXTargetDependency */,
			);
			name = diyordernativeTests;
			productName = diyordernativeTests;
			productReference = 79BC08E61FE090C100D53620 /* diyordernativeTests.xctest */;
			productType = "com.apple.product-type.bundle.unit-test";
		};
		79BC08F01FE090C100D53620 /* diyordernativeUITests */ = {
			isa = PBXNativeTarget;
			buildConfigurationList = 79BC09001FE090C100D53620 /* Build configuration list for PBXNativeTarget "diyordernativeUITests" */;
			buildPhases = (
				79BC08ED1FE090C100D53620 /* Sources */,
				79BC08EE1FE090C100D53620 /* Frameworks */,
				79BC08EF1FE090C100D53620 /* Resources */,
			);
			buildRules = (
			);
			dependencies = (
				79BC08F31FE090C100D53620 /* PBXTargetDependency */,
			);
			name = diyordernativeUITests;
			productName = diyordernativeUITests;
			productReference = 79BC08F11FE090C100D53620 /* diyordernativeUITests.xctest */;
			productType = "com.apple.product-type.bundle.ui-testing";
		};
/* End PBXNativeTarget section */

/* Begin PBXProject section */
		79BC08C71FE090C100D53620 /* Project object */ = {
			isa = PBXProject;
			attributes = {
				LastSwiftUpdateCheck = 0920;
				LastUpgradeCheck = 0920;
				ORGANIZATIONNAME = goopter;
				TargetAttributes = {
					79BC08CE1FE090C100D53620 = {
						CreatedOnToolsVersion = 9.2;
						ProvisioningStyle = Automatic;
						SystemCapabilities = {
							com.apple.BackgroundModes = {
								enabled = 0;
							};
						};
					};
					79BC08E51FE090C100D53620 = {
						CreatedOnToolsVersion = 9.2;
						ProvisioningStyle = Automatic;
						TestTargetID = 79BC08CE1FE090C100D53620;
					};
					79BC08F01FE090C100D53620 = {
						CreatedOnToolsVersion = 9.2;
						ProvisioningStyle = Automatic;
						TestTargetID = 79BC08CE1FE090C100D53620;
					};
				};
			};
			buildConfigurationList = 79BC08CA1FE090C100D53620 /* Build configuration list for PBXProject "diyordernative" */;
			compatibilityVersion = "Xcode 8.0";
			developmentRegion = en;
			hasScannedForEncodings = 0;
			knownRegions = (
				en,
				Base,
				"zh-Hans",
				"zh-Hant",
			);
			mainGroup = 79BC08C61FE090C100D53620;
			productRefGroup = 79BC08D01FE090C100D53620 /* Products */;
			projectDirPath = "";
			projectRoot = "";
			targets = (
				79BC08CE1FE090C100D53620 /* diyordernative */,
				79BC08E51FE090C100D53620 /* diyordernativeTests */,
				79BC08F01FE090C100D53620 /* diyordernativeUITests */,
			);
		};
/* End PBXProject section */

/* Begin PBXResourcesBuildPhase section */
		79BC08CD1FE090C100D53620 /* Resources */ = {
			isa = PBXResourcesBuildPhase;
			buildActionMask = 2147483647;
			files = (
				794380271FE0A2ED00F6594D /* IconLabelButtonView.xib in Resources */,
				790DC2C01FEA3A2100A04AFA /* Localizable.strings in Resources */,
				79FDBA661FE0959700E72807 /* LaunchScreen.storyboard in Resources */,
				792EC60B1FE486CD00B4C563 /* UtilityButtonsHeaderView.xib in Resources */,
				79BC08DD1FE090C100D53620 /* Assets.xcassets in Resources */,
				792EC6161FE4ACA000B4C563 /* CollectionLoadingFooterView.xib in Resources */,
				792EC6121FE4912C00B4C563 /* GridProductCell.xib in Resources */,
				7907CEE41FE6628A00A617E1 /* RightSlideFilterViewController.xib in Resources */,
				79734B8F1FEC87B000994883 /* CountryList.json in Resources */,
				7961D21B1FE79E9000C739C1 /* ListProductCell.xib in Resources */,
				79BC08D81FE090C100D53620 /* Main.storyboard in Resources */,
				792E9D531FEB24B1004D5045 /* HotItemRightSlideTableViewHeaderView.xib in Resources */,
				79FF87081FE9DC81004AF317 /* HotItemSortItems.json in Resources */,
				792EC6031FE45E2600B4C563 /* HotItemCategoryHeaderView.xib in Resources */,
				798A35CE1FEB89C000A34616 /* FilterPriceRangeCell.xib in Resources */,
			);
			runOnlyForDeploymentPostprocessing = 0;
		};
		79BC08E41FE090C100D53620 /* Resources */ = {
			isa = PBXResourcesBuildPhase;
			buildActionMask = 2147483647;
			files = (
			);
			runOnlyForDeploymentPostprocessing = 0;
		};
		79BC08EF1FE090C100D53620 /* Resources */ = {
			isa = PBXResourcesBuildPhase;
			buildActionMask = 2147483647;
			files = (
			);
			runOnlyForDeploymentPostprocessing = 0;
		};
/* End PBXResourcesBuildPhase section */

/* Begin PBXShellScriptBuildPhase section */
		9D62D7877E56CD048436421E /* [CP] Copy Pods Resources */ = {
			isa = PBXShellScriptBuildPhase;
			buildActionMask = 2147483647;
			files = (
			);
			inputPaths = (
			);
			name = "[CP] Copy Pods Resources";
			outputPaths = (
			);
			runOnlyForDeploymentPostprocessing = 0;
			shellPath = /bin/sh;
			shellScript = "\"${SRCROOT}/Pods/Target Support Files/Pods-diyordernative/Pods-diyordernative-resources.sh\"\n";
			showEnvVarsInLog = 0;
		};
		C4F5E7DD53F05894E0F6F663 /* [CP] Embed Pods Frameworks */ = {
			isa = PBXShellScriptBuildPhase;
			buildActionMask = 2147483647;
			files = (
			);
			inputPaths = (
				"${SRCROOT}/Pods/Target Support Files/Pods-diyordernative/Pods-diyordernative-frameworks.sh",
				"${BUILT_PRODUCTS_DIR}/Alamofire/Alamofire.framework",
				"${BUILT_PRODUCTS_DIR}/AlamofireObjectMapper/AlamofireObjectMapper.framework",
				"${BUILT_PRODUCTS_DIR}/Cloudinary/Cloudinary.framework",
				"${BUILT_PRODUCTS_DIR}/OAuthSwift/OAuthSwift.framework",
				"${BUILT_PRODUCTS_DIR}/OAuthSwiftAlamofire/OAuthSwiftAlamofire.framework",
				"${BUILT_PRODUCTS_DIR}/ObjectMapper/ObjectMapper.framework",
				"${BUILT_PRODUCTS_DIR}/SDWebImage/SDWebImage.framework",
			);
			name = "[CP] Embed Pods Frameworks";
			outputPaths = (
				"${TARGET_BUILD_DIR}/${FRAMEWORKS_FOLDER_PATH}/Alamofire.framework",
				"${TARGET_BUILD_DIR}/${FRAMEWORKS_FOLDER_PATH}/AlamofireObjectMapper.framework",
				"${TARGET_BUILD_DIR}/${FRAMEWORKS_FOLDER_PATH}/Cloudinary.framework",
				"${TARGET_BUILD_DIR}/${FRAMEWORKS_FOLDER_PATH}/OAuthSwift.framework",
				"${TARGET_BUILD_DIR}/${FRAMEWORKS_FOLDER_PATH}/OAuthSwiftAlamofire.framework",
				"${TARGET_BUILD_DIR}/${FRAMEWORKS_FOLDER_PATH}/ObjectMapper.framework",
				"${TARGET_BUILD_DIR}/${FRAMEWORKS_FOLDER_PATH}/SDWebImage.framework",
			);
			runOnlyForDeploymentPostprocessing = 0;
			shellPath = /bin/sh;
			shellScript = "\"${SRCROOT}/Pods/Target Support Files/Pods-diyordernative/Pods-diyordernative-frameworks.sh\"\n";
			showEnvVarsInLog = 0;
		};
		D519DA930862641C0489AEC4 /* [CP] Check Pods Manifest.lock */ = {
			isa = PBXShellScriptBuildPhase;
			buildActionMask = 2147483647;
			files = (
			);
			inputPaths = (
				"${PODS_PODFILE_DIR_PATH}/Podfile.lock",
				"${PODS_ROOT}/Manifest.lock",
			);
			name = "[CP] Check Pods Manifest.lock";
			outputPaths = (
				"$(DERIVED_FILE_DIR)/Pods-diyordernative-checkManifestLockResult.txt",
			);
			runOnlyForDeploymentPostprocessing = 0;
			shellPath = /bin/sh;
			shellScript = "diff \"${PODS_PODFILE_DIR_PATH}/Podfile.lock\" \"${PODS_ROOT}/Manifest.lock\" > /dev/null\nif [ $? != 0 ] ; then\n    # print error to STDERR\n    echo \"error: The sandbox is not in sync with the Podfile.lock. Run 'pod install' or update your CocoaPods installation.\" >&2\n    exit 1\nfi\n# This output is used by Xcode 'outputs' to avoid re-running this script phase.\necho \"SUCCESS\" > \"${SCRIPT_OUTPUT_FILE_0}\"\n";
			showEnvVarsInLog = 0;
		};
/* End PBXShellScriptBuildPhase section */

/* Begin PBXSourcesBuildPhase section */
		79BC08CB1FE090C100D53620 /* Sources */ = {
			isa = PBXSourcesBuildPhase;
			buildActionMask = 2147483647;
			files = (
				792EC6021FE45E2600B4C563 /* HotItemCategoryHeaderView.swift in Sources */,
				794380291FE0A31800F6594D /* IconLabelButtonView.swift in Sources */,
				79279D761FEC9FBC00C7C084 /* ShoppingCartCheckoutCell.swift in Sources */,
				79BC08D51FE090C100D53620 /* HomeViewController.swift in Sources */,
				792127231FE1F0E2006C5F42 /* HotItem.swift in Sources */,
				79D696961FEC420700097B4F /* AccountHeaderCell.swift in Sources */,
				7953130D1FE1F97000B940F8 /* ApiResponse.swift in Sources */,
				79ADC8411FE1B2A10022B513 /* AccountViewController.swift in Sources */,
				792F965D1FE302F200A67ADC /* LanguageControl.swift in Sources */,
				792EC6071FE4810400B4C563 /* HotItemLoader.swift in Sources */,
				794599F61FE9AA2400419612 /* ShoppingCartViewController.swift in Sources */,
				792F965B1FE3022C00A67ADC /* BannerItemLoader.swift in Sources */,
				79ADC83F1FE1B11F0022B513 /* OrderViewController.swift in Sources */,
				792F96571FE3015A00A67ADC /* OauthKeyPair.swift in Sources */,
				792F96551FE2EB6D00A67ADC /* ApiManager.swift in Sources */,
				792F96631FE3310100A67ADC /* BannerItemCell.swift in Sources */,
				792F96651FE33FB500A67ADC /* ImageHelper.swift in Sources */,
				7953130B1FE1F8C000B940F8 /* ListApiResponse.swift in Sources */,
				79D696921FEC333100097B4F /* Profile.swift in Sources */,
				792127211FE1EC11006C5F42 /* BannerItem.swift in Sources */,
				7907CEDE1FE6424800A617E1 /* Utils.swift in Sources */,
				792F96671FE3403F00A67ADC /* CloudinaryHelper.swift in Sources */,
				792E9D511FEB2494004D5045 /* HotItemRightSlideTableViewHeaderView.swift in Sources */,
				792EC6151FE4ACA000B4C563 /* CollectionLoadingFooterView.swift in Sources */,
				790DC2C61FEA489B00A04AFA /* HotItemRightSlideTableViewMainDataSourceAndDelegate.swift in Sources */,
				7961D21A1FE79E9000C739C1 /* ListProductCell.swift in Sources */,
				794C55381FEC781200A2C0BD /* UIButtonExtension.swift in Sources */,
				79FF870C1FE9DE74004AF317 /* Sort.swift in Sources */,
				79FDBA621FE093D300E72807 /* SysConstants.swift in Sources */,
				792F96611FE320D200A67ADC /* UrlHelper.swift in Sources */,
				7943802B1FE0B15200F6594D /* RootNavigationController.swift in Sources */,
				79FDBA641FE093F600E72807 /* UIConstants.swift in Sources */,
				79E449811FE3BB7B005F4FCC /* StoreCategory.swift in Sources */,
				79FDBA6C1FE098B700E72807 /* BaseTableViewController.swift in Sources */,
				795313071FE1F7E400B940F8 /* HotItemFilterManager.swift in Sources */,
				798A35CD1FEB89C000A34616 /* FilterPriceRangeCell.swift in Sources */,
				79BC08D31FE090C100D53620 /* AppDelegate.swift in Sources */,
				79BC08DB1FE090C100D53620 /* diyordernative.xcdatamodeld in Sources */,
				790DC2B91FE8F66B00A04AFA /* LocationHelper.swift in Sources */,
				79FDBA681FE0981E00E72807 /* BaseViewController.swift in Sources */,
				79FDBA6F1FE098DE00E72807 /* BaseCollectionViewController.swift in Sources */,
				792F965F1FE303E700A67ADC /* Language.swift in Sources */,
				792EC6051FE45F3C00B4C563 /* HotItemCategory.swift in Sources */,
				795313091FE1F8AC00B940F8 /* BaseApiResponse.swift in Sources */,
				7907CEE31FE6628A00A617E1 /* RightSlideFilterViewController.swift in Sources */,
				7943802D1FE0B36100F6594D /* RootTabBarController.swift in Sources */,
				792EC60A1FE486CD00B4C563 /* UtilityButtonsHeaderView.swift in Sources */,
				79E4497F1FE3BB3B005F4FCC /* StoreCategoryLoader.swift in Sources */,
				79DDFD4F1FE1AC5000DA8460 /* HotItemViewController.swift in Sources */,
				79E4497D1FE3B8B8005F4FCC /* StoreCategoryCell.swift in Sources */,
				792F96591FE3019E00A67ADC /* Enums.swift in Sources */,
				792127251FE1F742006C5F42 /* HotItemManager.swift in Sources */,
				790DC2C81FEA48EC00A04AFA /* HotItemRightSlideTableViewDataSourceAndDelegate.swift in Sources */,
				79FF870A1FE9DD60004AF317 /* HotItemSort.swift in Sources */,
				794C55361FEC687100A2C0BD /* AccountSegmentCell.swift in Sources */,
				79D696941FEC34DD00097B4F /* Phone.swift in Sources */,
				792EC6111FE4912C00B4C563 /* GridProductCell.swift in Sources */,
			);
			runOnlyForDeploymentPostprocessing = 0;
		};
		79BC08E21FE090C100D53620 /* Sources */ = {
			isa = PBXSourcesBuildPhase;
			buildActionMask = 2147483647;
			files = (
				79BC08EB1FE090C100D53620 /* diyordernativeTests.swift in Sources */,
			);
			runOnlyForDeploymentPostprocessing = 0;
		};
		79BC08ED1FE090C100D53620 /* Sources */ = {
			isa = PBXSourcesBuildPhase;
			buildActionMask = 2147483647;
			files = (
				79BC08F61FE090C100D53620 /* diyordernativeUITests.swift in Sources */,
			);
			runOnlyForDeploymentPostprocessing = 0;
		};
/* End PBXSourcesBuildPhase section */

/* Begin PBXTargetDependency section */
		79BC08E81FE090C100D53620 /* PBXTargetDependency */ = {
			isa = PBXTargetDependency;
			target = 79BC08CE1FE090C100D53620 /* diyordernative */;
			targetProxy = 79BC08E71FE090C100D53620 /* PBXContainerItemProxy */;
		};
		79BC08F31FE090C100D53620 /* PBXTargetDependency */ = {
			isa = PBXTargetDependency;
			target = 79BC08CE1FE090C100D53620 /* diyordernative */;
			targetProxy = 79BC08F21FE090C100D53620 /* PBXContainerItemProxy */;
		};
/* End PBXTargetDependency section */

/* Begin PBXVariantGroup section */
		790DC2C21FEA3A2100A04AFA /* Localizable.strings */ = {
			isa = PBXVariantGroup;
			children = (
				790DC2C11FEA3A2100A04AFA /* en */,
				790DC2C31FEA3A2700A04AFA /* zh-Hans */,
				790DC2C41FEA3A2800A04AFA /* zh-Hant */,
			);
			name = Localizable.strings;
			sourceTree = "<group>";
		};
		79BC08D61FE090C100D53620 /* Main.storyboard */ = {
			isa = PBXVariantGroup;
			children = (
				79BC08D71FE090C100D53620 /* Base */,
				790DC2BC1FEA396300A04AFA /* zh-Hans */,
				790DC2BD1FEA396800A04AFA /* zh-Hant */,
			);
			name = Main.storyboard;
			sourceTree = "<group>";
		};
/* End PBXVariantGroup section */

/* Begin XCBuildConfiguration section */
		79BC08F81FE090C100D53620 /* Debug */ = {
			isa = XCBuildConfiguration;
			buildSettings = {
				ALWAYS_SEARCH_USER_PATHS = NO;
				CLANG_ANALYZER_LOCALIZABILITY_NONLOCALIZED = YES;
				CLANG_ANALYZER_NONNULL = YES;
				CLANG_ANALYZER_NUMBER_OBJECT_CONVERSION = YES_AGGRESSIVE;
				CLANG_CXX_LANGUAGE_STANDARD = "gnu++14";
				CLANG_CXX_LIBRARY = "libc++";
				CLANG_ENABLE_MODULES = YES;
				CLANG_ENABLE_OBJC_ARC = YES;
				CLANG_WARN_BLOCK_CAPTURE_AUTORELEASING = YES;
				CLANG_WARN_BOOL_CONVERSION = YES;
				CLANG_WARN_COMMA = YES;
				CLANG_WARN_CONSTANT_CONVERSION = YES;
				CLANG_WARN_DIRECT_OBJC_ISA_USAGE = YES_ERROR;
				CLANG_WARN_DOCUMENTATION_COMMENTS = YES;
				CLANG_WARN_EMPTY_BODY = YES;
				CLANG_WARN_ENUM_CONVERSION = YES;
				CLANG_WARN_INFINITE_RECURSION = YES;
				CLANG_WARN_INT_CONVERSION = YES;
				CLANG_WARN_NON_LITERAL_NULL_CONVERSION = YES;
				CLANG_WARN_OBJC_LITERAL_CONVERSION = YES;
				CLANG_WARN_OBJC_ROOT_CLASS = YES_ERROR;
				CLANG_WARN_RANGE_LOOP_ANALYSIS = YES;
				CLANG_WARN_STRICT_PROTOTYPES = YES;
				CLANG_WARN_SUSPICIOUS_MOVE = YES;
				CLANG_WARN_UNGUARDED_AVAILABILITY = YES_AGGRESSIVE;
				CLANG_WARN_UNREACHABLE_CODE = YES;
				CLANG_WARN__DUPLICATE_METHOD_MATCH = YES;
				CODE_SIGN_IDENTITY = "iPhone Developer";
				COPY_PHASE_STRIP = NO;
				DEBUG_INFORMATION_FORMAT = dwarf;
				ENABLE_STRICT_OBJC_MSGSEND = YES;
				ENABLE_TESTABILITY = YES;
				GCC_C_LANGUAGE_STANDARD = gnu11;
				GCC_DYNAMIC_NO_PIC = NO;
				GCC_NO_COMMON_BLOCKS = YES;
				GCC_OPTIMIZATION_LEVEL = 0;
				GCC_PREPROCESSOR_DEFINITIONS = (
					"DEBUG=1",
					"$(inherited)",
				);
				GCC_WARN_64_TO_32_BIT_CONVERSION = YES;
				GCC_WARN_ABOUT_RETURN_TYPE = YES_ERROR;
				GCC_WARN_UNDECLARED_SELECTOR = YES;
				GCC_WARN_UNINITIALIZED_AUTOS = YES_AGGRESSIVE;
				GCC_WARN_UNUSED_FUNCTION = YES;
				GCC_WARN_UNUSED_VARIABLE = YES;
				IPHONEOS_DEPLOYMENT_TARGET = 11.2;
				MTL_ENABLE_DEBUG_INFO = YES;
				ONLY_ACTIVE_ARCH = YES;
				SDKROOT = iphoneos;
				SWIFT_ACTIVE_COMPILATION_CONDITIONS = DEBUG;
				SWIFT_OPTIMIZATION_LEVEL = "-Onone";
			};
			name = Debug;
		};
		79BC08F91FE090C100D53620 /* Release */ = {
			isa = XCBuildConfiguration;
			buildSettings = {
				ALWAYS_SEARCH_USER_PATHS = NO;
				CLANG_ANALYZER_LOCALIZABILITY_NONLOCALIZED = YES;
				CLANG_ANALYZER_NONNULL = YES;
				CLANG_ANALYZER_NUMBER_OBJECT_CONVERSION = YES_AGGRESSIVE;
				CLANG_CXX_LANGUAGE_STANDARD = "gnu++14";
				CLANG_CXX_LIBRARY = "libc++";
				CLANG_ENABLE_MODULES = YES;
				CLANG_ENABLE_OBJC_ARC = YES;
				CLANG_WARN_BLOCK_CAPTURE_AUTORELEASING = YES;
				CLANG_WARN_BOOL_CONVERSION = YES;
				CLANG_WARN_COMMA = YES;
				CLANG_WARN_CONSTANT_CONVERSION = YES;
				CLANG_WARN_DIRECT_OBJC_ISA_USAGE = YES_ERROR;
				CLANG_WARN_DOCUMENTATION_COMMENTS = YES;
				CLANG_WARN_EMPTY_BODY = YES;
				CLANG_WARN_ENUM_CONVERSION = YES;
				CLANG_WARN_INFINITE_RECURSION = YES;
				CLANG_WARN_INT_CONVERSION = YES;
				CLANG_WARN_NON_LITERAL_NULL_CONVERSION = YES;
				CLANG_WARN_OBJC_LITERAL_CONVERSION = YES;
				CLANG_WARN_OBJC_ROOT_CLASS = YES_ERROR;
				CLANG_WARN_RANGE_LOOP_ANALYSIS = YES;
				CLANG_WARN_STRICT_PROTOTYPES = YES;
				CLANG_WARN_SUSPICIOUS_MOVE = YES;
				CLANG_WARN_UNGUARDED_AVAILABILITY = YES_AGGRESSIVE;
				CLANG_WARN_UNREACHABLE_CODE = YES;
				CLANG_WARN__DUPLICATE_METHOD_MATCH = YES;
				CODE_SIGN_IDENTITY = "iPhone Developer";
				COPY_PHASE_STRIP = NO;
				DEBUG_INFORMATION_FORMAT = "dwarf-with-dsym";
				ENABLE_NS_ASSERTIONS = NO;
				ENABLE_STRICT_OBJC_MSGSEND = YES;
				GCC_C_LANGUAGE_STANDARD = gnu11;
				GCC_NO_COMMON_BLOCKS = YES;
				GCC_WARN_64_TO_32_BIT_CONVERSION = YES;
				GCC_WARN_ABOUT_RETURN_TYPE = YES_ERROR;
				GCC_WARN_UNDECLARED_SELECTOR = YES;
				GCC_WARN_UNINITIALIZED_AUTOS = YES_AGGRESSIVE;
				GCC_WARN_UNUSED_FUNCTION = YES;
				GCC_WARN_UNUSED_VARIABLE = YES;
				IPHONEOS_DEPLOYMENT_TARGET = 11.2;
				MTL_ENABLE_DEBUG_INFO = NO;
				SDKROOT = iphoneos;
				SWIFT_OPTIMIZATION_LEVEL = "-Owholemodule";
				VALIDATE_PRODUCT = YES;
			};
			name = Release;
		};
		79BC08FB1FE090C100D53620 /* Debug */ = {
			isa = XCBuildConfiguration;
			baseConfigurationReference = D44B1F6B6AB880F522A2F882 /* Pods-diyordernative.debug.xcconfig */;
			buildSettings = {
				ASSETCATALOG_COMPILER_APPICON_NAME = AppIcon;
				CODE_SIGN_STYLE = Automatic;
				DEVELOPMENT_TEAM = "";
				INFOPLIST_FILE = diyordernative/Info.plist;
				IPHONEOS_DEPLOYMENT_TARGET = 11.2;
				LD_RUNPATH_SEARCH_PATHS = "$(inherited) @executable_path/Frameworks";
				PRODUCT_BUNDLE_IDENTIFIER = com.goopter.diyordernative;
				PRODUCT_NAME = "$(TARGET_NAME)";
				SWIFT_VERSION = 4.0;
				TARGETED_DEVICE_FAMILY = "1,2";
			};
			name = Debug;
		};
		79BC08FC1FE090C100D53620 /* Release */ = {
			isa = XCBuildConfiguration;
			baseConfigurationReference = 4FB6AB920D4613ACC19D9DFB /* Pods-diyordernative.release.xcconfig */;
			buildSettings = {
				ASSETCATALOG_COMPILER_APPICON_NAME = AppIcon;
				CODE_SIGN_STYLE = Automatic;
				DEVELOPMENT_TEAM = "";
				INFOPLIST_FILE = diyordernative/Info.plist;
				IPHONEOS_DEPLOYMENT_TARGET = 11.2;
				LD_RUNPATH_SEARCH_PATHS = "$(inherited) @executable_path/Frameworks";
				PRODUCT_BUNDLE_IDENTIFIER = com.goopter.diyordernative;
				PRODUCT_NAME = "$(TARGET_NAME)";
				SWIFT_VERSION = 4.0;
				TARGETED_DEVICE_FAMILY = "1,2";
			};
			name = Release;
		};
		79BC08FE1FE090C100D53620 /* Debug */ = {
			isa = XCBuildConfiguration;
			buildSettings = {
				ALWAYS_EMBED_SWIFT_STANDARD_LIBRARIES = YES;
				BUNDLE_LOADER = "$(TEST_HOST)";
				CODE_SIGN_STYLE = Automatic;
				INFOPLIST_FILE = diyordernativeTests/Info.plist;
				LD_RUNPATH_SEARCH_PATHS = "$(inherited) @executable_path/Frameworks @loader_path/Frameworks";
				PRODUCT_BUNDLE_IDENTIFIER = com.goopter.diyordernativeTests;
				PRODUCT_NAME = "$(TARGET_NAME)";
				SWIFT_VERSION = 4.0;
				TARGETED_DEVICE_FAMILY = "1,2";
				TEST_HOST = "$(BUILT_PRODUCTS_DIR)/diyordernative.app/diyordernative";
			};
			name = Debug;
		};
		79BC08FF1FE090C100D53620 /* Release */ = {
			isa = XCBuildConfiguration;
			buildSettings = {
				ALWAYS_EMBED_SWIFT_STANDARD_LIBRARIES = YES;
				BUNDLE_LOADER = "$(TEST_HOST)";
				CODE_SIGN_STYLE = Automatic;
				INFOPLIST_FILE = diyordernativeTests/Info.plist;
				LD_RUNPATH_SEARCH_PATHS = "$(inherited) @executable_path/Frameworks @loader_path/Frameworks";
				PRODUCT_BUNDLE_IDENTIFIER = com.goopter.diyordernativeTests;
				PRODUCT_NAME = "$(TARGET_NAME)";
				SWIFT_VERSION = 4.0;
				TARGETED_DEVICE_FAMILY = "1,2";
				TEST_HOST = "$(BUILT_PRODUCTS_DIR)/diyordernative.app/diyordernative";
			};
			name = Release;
		};
		79BC09011FE090C100D53620 /* Debug */ = {
			isa = XCBuildConfiguration;
			buildSettings = {
				ALWAYS_EMBED_SWIFT_STANDARD_LIBRARIES = YES;
				CODE_SIGN_STYLE = Automatic;
				INFOPLIST_FILE = diyordernativeUITests/Info.plist;
				LD_RUNPATH_SEARCH_PATHS = "$(inherited) @executable_path/Frameworks @loader_path/Frameworks";
				PRODUCT_BUNDLE_IDENTIFIER = com.goopter.diyordernativeUITests;
				PRODUCT_NAME = "$(TARGET_NAME)";
				SWIFT_VERSION = 4.0;
				TARGETED_DEVICE_FAMILY = "1,2";
				TEST_TARGET_NAME = diyordernative;
			};
			name = Debug;
		};
		79BC09021FE090C100D53620 /* Release */ = {
			isa = XCBuildConfiguration;
			buildSettings = {
				ALWAYS_EMBED_SWIFT_STANDARD_LIBRARIES = YES;
				CODE_SIGN_STYLE = Automatic;
				INFOPLIST_FILE = diyordernativeUITests/Info.plist;
				LD_RUNPATH_SEARCH_PATHS = "$(inherited) @executable_path/Frameworks @loader_path/Frameworks";
				PRODUCT_BUNDLE_IDENTIFIER = com.goopter.diyordernativeUITests;
				PRODUCT_NAME = "$(TARGET_NAME)";
				SWIFT_VERSION = 4.0;
				TARGETED_DEVICE_FAMILY = "1,2";
				TEST_TARGET_NAME = diyordernative;
			};
			name = Release;
		};
/* End XCBuildConfiguration section */

/* Begin XCConfigurationList section */
		79BC08CA1FE090C100D53620 /* Build configuration list for PBXProject "diyordernative" */ = {
			isa = XCConfigurationList;
			buildConfigurations = (
				79BC08F81FE090C100D53620 /* Debug */,
				79BC08F91FE090C100D53620 /* Release */,
			);
			defaultConfigurationIsVisible = 0;
			defaultConfigurationName = Release;
		};
		79BC08FA1FE090C100D53620 /* Build configuration list for PBXNativeTarget "diyordernative" */ = {
			isa = XCConfigurationList;
			buildConfigurations = (
				79BC08FB1FE090C100D53620 /* Debug */,
				79BC08FC1FE090C100D53620 /* Release */,
			);
			defaultConfigurationIsVisible = 0;
			defaultConfigurationName = Release;
		};
		79BC08FD1FE090C100D53620 /* Build configuration list for PBXNativeTarget "diyordernativeTests" */ = {
			isa = XCConfigurationList;
			buildConfigurations = (
				79BC08FE1FE090C100D53620 /* Debug */,
				79BC08FF1FE090C100D53620 /* Release */,
			);
			defaultConfigurationIsVisible = 0;
			defaultConfigurationName = Release;
		};
		79BC09001FE090C100D53620 /* Build configuration list for PBXNativeTarget "diyordernativeUITests" */ = {
			isa = XCConfigurationList;
			buildConfigurations = (
				79BC09011FE090C100D53620 /* Debug */,
				79BC09021FE090C100D53620 /* Release */,
			);
			defaultConfigurationIsVisible = 0;
			defaultConfigurationName = Release;
		};
/* End XCConfigurationList section */

/* Begin XCVersionGroup section */
		79BC08D91FE090C100D53620 /* diyordernative.xcdatamodeld */ = {
			isa = XCVersionGroup;
			children = (
				79BC08DA1FE090C100D53620 /* diyordernative.xcdatamodel */,
			);
			currentVersion = 79BC08DA1FE090C100D53620 /* diyordernative.xcdatamodel */;
			path = diyordernative.xcdatamodeld;
			sourceTree = "<group>";
			versionGroupType = wrapper.xcdatamodel;
		};
/* End XCVersionGroup section */
	};
	rootObject = 79BC08C71FE090C100D53620 /* Project object */;
}
